
Microsoft Visual Studio Solution File, Format Version 12.00
# Visual Studio Version 17
VisualStudioVersion = 17.6.33927.249
MinimumVisualStudioVersion = 10.0.40219.1
Project("{FAE04EC0-301F-11D3-BF4B-00C04F79EFBC}") = "prjWIL_Connect_Protoype", "prjWIL_Connect_Protoype\prjWIL_Connect_Protoype.csproj", "{C1ABF9A1-D964-4E8E-9602-809354F16744}"
EndProject
Global
	GlobalSection(SolutionConfigurationPlatforms) = preSolution
		Debug|Any CPU = Debug|Any CPU
		Release|Any CPU = Release|Any CPU
	EndGlobalSection
	GlobalSection(ProjectConfigurationPlatforms) = postSolution
		{C1ABF9A1-D964-4E8E-9602-809354F16744}.Debug|Any CPU.ActiveCfg = Debug|Any CPU
		{C1ABF9A1-D964-4E8E-9602-809354F16744}.Debug|Any CPU.Build.0 = Debug|Any CPU
		{C1ABF9A1-D964-4E8E-9602-809354F16744}.Release|Any CPU.ActiveCfg = Release|Any CPU
		{C1ABF9A1-D964-4E8E-9602-809354F16744}.Release|Any CPU.Build.0 = Release|Any CPU
	EndGlobalSection
	GlobalSection(SolutionProperties) = preSolution
		HideSolutionNode = FALSE
	EndGlobalSection
	GlobalSection(ExtensibilityGlobals) = postSolution
		SolutionGuid = {65EC83C5-F078-4D5B-97A6-35B67BA67A2D}
	EndGlobalSection
EndGlobal
